
Microsoft Visual Studio Solution File, Format Version 12.00
# Visual Studio Version 17
VisualStudioVersion = 17.11.35303.130
MinimumVisualStudioVersion = 10.0.40219.1
Project("{9A19103F-16F7-4668-BE54-9A1E7A4F7556}") = "francis-elijah-a2-drawin", "francis-elijah-a2-drawin.csproj", "{8E823554-B7A7-4845-8C01-5D09D38566A0}"
EndProject
Global
	GlobalSection(SolutionConfigurationPlatforms) = preSolution
		Debug|Any CPU = Debug|Any CPU
		Release|Any CPU = Release|Any CPU
	EndGlobalSection
	GlobalSection(ProjectConfigurationPlatforms) = postSolution
		{8E823554-B7A7-4845-8C01-5D09D38566A0}.Debug|Any CPU.ActiveCfg = Debug|Any CPU
		{8E823554-B7A7-4845-8C01-5D09D38566A0}.Debug|Any CPU.Build.0 = Debug|Any CPU
		{8E823554-B7A7-4845-8C01-5D09D38566A0}.Release|Any CPU.ActiveCfg = Release|Any CPU
		{8E823554-B7A7-4845-8C01-5D09D38566A0}.Release|Any CPU.Build.0 = Release|Any CPU
	EndGlobalSection
	GlobalSection(SolutionProperties) = preSolution
		HideSolutionNode = FALSE
	EndGlobalSection
	GlobalSection(ExtensibilityGlobals) = postSolution
		SolutionGuid = {B2FBC40D-1BB0-432A-ABD5-D952F5B20552}
	EndGlobalSection
EndGlobal
